
Microsoft Visual Studio Solution File, Format Version 12.00
# Visual Studio Version 16
VisualStudioVersion = 16.0.29709.97
MinimumVisualStudioVersion = 10.0.40219.1
Project("{FAE04EC0-301F-11D3-BF4B-00C04F79EFBC}") = "TAREA1_BACKEND", "TAREA1_BACKEND\TAREA1_BACKEND.csproj", "{0F77B48D-9C20-40BE-909C-09319D169C11}"
EndProject
Global
	GlobalSection(SolutionConfigurationPlatforms) = preSolution
		Debug|Any CPU = Debug|Any CPU
		Release|Any CPU = Release|Any CPU
	EndGlobalSection
	GlobalSection(ProjectConfigurationPlatforms) = postSolution
		{0F77B48D-9C20-40BE-909C-09319D169C11}.Debug|Any CPU.ActiveCfg = Debug|Any CPU
		{0F77B48D-9C20-40BE-909C-09319D169C11}.Debug|Any CPU.Build.0 = Debug|Any CPU
		{0F77B48D-9C20-40BE-909C-09319D169C11}.Release|Any CPU.ActiveCfg = Release|Any CPU
		{0F77B48D-9C20-40BE-909C-09319D169C11}.Release|Any CPU.Build.0 = Release|Any CPU
	EndGlobalSection
	GlobalSection(SolutionProperties) = preSolution
		HideSolutionNode = FALSE
	EndGlobalSection
	GlobalSection(ExtensibilityGlobals) = postSolution
		SolutionGuid = {C2CEB480-1927-452B-8C23-6379D89240D0}
	EndGlobalSection
EndGlobal
